
Microsoft Visual Studio Solution File, Format Version 12.00
# Visual Studio Version 17
VisualStudioVersion = 17.12.35707.178
MinimumVisualStudioVersion = 10.0.40219.1
Project("{2150E333-8FDC-42A3-9474-1A3956D46DE8}") = "Bootstrapper", "Bootstrapper", "{46DB7411-9D12-4347-BC8A-4034B496FA4B}"
EndProject
Project("{2150E333-8FDC-42A3-9474-1A3956D46DE8}") = "Modules", "Modules", "{83DA675F-09E6-48A0-9D9D-E9C56004A5F4}"
EndProject
Project("{2150E333-8FDC-42A3-9474-1A3956D46DE8}") = "Shared", "Shared", "{594F3306-69FE-4758-B510-0A8069B65C1E}"
EndProject
Project("{FAE04EC0-301F-11D3-BF4B-00C04F79EFBC}") = "Api", "Bootstrapper\Api\Api.csproj", "{6AE18493-ED5A-49E1-8B49-DA29DBE1EFAD}"
EndProject
Project("{2150E333-8FDC-42A3-9474-1A3956D46DE8}") = "Catalog", "Catalog", "{D4C5F9DD-B514-4314-9E87-113A29E3992C}"
EndProject
Project("{2150E333-8FDC-42A3-9474-1A3956D46DE8}") = "Ordering", "Ordering", "{98F4EABD-A4D9-4603-AC7B-C6D6B59E2923}"
EndProject
Project("{2150E333-8FDC-42A3-9474-1A3956D46DE8}") = "Basket", "Basket", "{D27109CA-0FC3-4701-939E-37CDBEE5DF04}"
EndProject
Project("{FAE04EC0-301F-11D3-BF4B-00C04F79EFBC}") = "Basket", "Modules\Basket\Basket\Basket.csproj", "{3B02439A-2CE1-4BCF-8492-F08B638D622E}"
EndProject
Project("{FAE04EC0-301F-11D3-BF4B-00C04F79EFBC}") = "Catalog", "Modules\Catalog\Catalog\Catalog.csproj", "{45B59485-F426-4771-AD2F-5A33703B8B9D}"
EndProject
Project("{FAE04EC0-301F-11D3-BF4B-00C04F79EFBC}") = "Ordering", "Modules\Ordering\Ordering\Ordering.csproj", "{283C0E02-6914-4FA9-806C-FE50D0E994EE}"
EndProject
Project("{FAE04EC0-301F-11D3-BF4B-00C04F79EFBC}") = "Shared", "Shared\Shared\Shared.csproj", "{AC53ECF0-4AB5-4DA5-A849-C56ED566C74E}"
EndProject
Project("{E53339B2-1760-4266-BCC7-CA923CBCF16C}") = "docker-compose", "docker-compose.dcproj", "{743D64F3-9275-47AB-BEF3-0038FB7EC0FB}"
EndProject
Global
	GlobalSection(SolutionConfigurationPlatforms) = preSolution
		Debug|Any CPU = Debug|Any CPU
		Release|Any CPU = Release|Any CPU
	EndGlobalSection
	GlobalSection(ProjectConfigurationPlatforms) = postSolution
		{6AE18493-ED5A-49E1-8B49-DA29DBE1EFAD}.Debug|Any CPU.ActiveCfg = Debug|Any CPU
		{6AE18493-ED5A-49E1-8B49-DA29DBE1EFAD}.Debug|Any CPU.Build.0 = Debug|Any CPU
		{6AE18493-ED5A-49E1-8B49-DA29DBE1EFAD}.Release|Any CPU.ActiveCfg = Release|Any CPU
		{6AE18493-ED5A-49E1-8B49-DA29DBE1EFAD}.Release|Any CPU.Build.0 = Release|Any CPU
		{3B02439A-2CE1-4BCF-8492-F08B638D622E}.Debug|Any CPU.ActiveCfg = Debug|Any CPU
		{3B02439A-2CE1-4BCF-8492-F08B638D622E}.Debug|Any CPU.Build.0 = Debug|Any CPU
		{3B02439A-2CE1-4BCF-8492-F08B638D622E}.Release|Any CPU.ActiveCfg = Release|Any CPU
		{3B02439A-2CE1-4BCF-8492-F08B638D622E}.Release|Any CPU.Build.0 = Release|Any CPU
		{45B59485-F426-4771-AD2F-5A33703B8B9D}.Debug|Any CPU.ActiveCfg = Debug|Any CPU
		{45B59485-F426-4771-AD2F-5A33703B8B9D}.Debug|Any CPU.Build.0 = Debug|Any CPU
		{45B59485-F426-4771-AD2F-5A33703B8B9D}.Release|Any CPU.ActiveCfg = Release|Any CPU
		{45B59485-F426-4771-AD2F-5A33703B8B9D}.Release|Any CPU.Build.0 = Release|Any CPU
		{283C0E02-6914-4FA9-806C-FE50D0E994EE}.Debug|Any CPU.ActiveCfg = Debug|Any CPU
		{283C0E02-6914-4FA9-806C-FE50D0E994EE}.Debug|Any CPU.Build.0 = Debug|Any CPU
		{283C0E02-6914-4FA9-806C-FE50D0E994EE}.Release|Any CPU.ActiveCfg = Release|Any CPU
		{283C0E02-6914-4FA9-806C-FE50D0E994EE}.Release|Any CPU.Build.0 = Release|Any CPU
		{AC53ECF0-4AB5-4DA5-A849-C56ED566C74E}.Debug|Any CPU.ActiveCfg = Debug|Any CPU
		{AC53ECF0-4AB5-4DA5-A849-C56ED566C74E}.Debug|Any CPU.Build.0 = Debug|Any CPU
		{AC53ECF0-4AB5-4DA5-A849-C56ED566C74E}.Release|Any CPU.ActiveCfg = Release|Any CPU
		{AC53ECF0-4AB5-4DA5-A849-C56ED566C74E}.Release|Any CPU.Build.0 = Release|Any CPU
		{743D64F3-9275-47AB-BEF3-0038FB7EC0FB}.Debug|Any CPU.ActiveCfg = Debug|Any CPU
		{743D64F3-9275-47AB-BEF3-0038FB7EC0FB}.Debug|Any CPU.Build.0 = Debug|Any CPU
		{743D64F3-9275-47AB-BEF3-0038FB7EC0FB}.Release|Any CPU.ActiveCfg = Release|Any CPU
		{743D64F3-9275-47AB-BEF3-0038FB7EC0FB}.Release|Any CPU.Build.0 = Release|Any CPU
	EndGlobalSection
	GlobalSection(SolutionProperties) = preSolution
		HideSolutionNode = FALSE
	EndGlobalSection
	GlobalSection(NestedProjects) = preSolution
		{6AE18493-ED5A-49E1-8B49-DA29DBE1EFAD} = {46DB7411-9D12-4347-BC8A-4034B496FA4B}
		{D4C5F9DD-B514-4314-9E87-113A29E3992C} = {83DA675F-09E6-48A0-9D9D-E9C56004A5F4}
		{98F4EABD-A4D9-4603-AC7B-C6D6B59E2923} = {83DA675F-09E6-48A0-9D9D-E9C56004A5F4}
		{D27109CA-0FC3-4701-939E-37CDBEE5DF04} = {83DA675F-09E6-48A0-9D9D-E9C56004A5F4}
		{3B02439A-2CE1-4BCF-8492-F08B638D622E} = {D27109CA-0FC3-4701-939E-37CDBEE5DF04}
		{45B59485-F426-4771-AD2F-5A33703B8B9D} = {D4C5F9DD-B514-4314-9E87-113A29E3992C}
		{283C0E02-6914-4FA9-806C-FE50D0E994EE} = {98F4EABD-A4D9-4603-AC7B-C6D6B59E2923}
		{AC53ECF0-4AB5-4DA5-A849-C56ED566C74E} = {594F3306-69FE-4758-B510-0A8069B65C1E}
	EndGlobalSection
EndGlobal
